// !$*UTF8*$!
{
	archiveVersion = 1;
	classes = {
	};
	objectVersion = 56;
	objects = {

/* Begin PBXBuildFile section */
		8F5894D72A04956D000E0BE6 /* VeggiesBuyApp.swift in Sources */ = {isa = PBXBuildFile; fileRef = 8F5894D62A04956D000E0BE6 /* VeggiesBuyApp.swift */; };
		8F5894D92A04956D000E0BE6 /* ContentView.swift in Sources */ = {isa = PBXBuildFile; fileRef = 8F5894D82A04956D000E0BE6 /* ContentView.swift */; };
		8F5894DB2A04956E000E0BE6 /* Assets.xcassets in Resources */ = {isa = PBXBuildFile; fileRef = 8F5894DA2A04956E000E0BE6 /* Assets.xcassets */; };
		8F5894DE2A04956E000E0BE6 /* Preview Assets.xcassets in Resources */ = {isa = PBXBuildFile; fileRef = 8F5894DD2A04956E000E0BE6 /* Preview Assets.xcassets */; };
		8F5894E02A04956E000E0BE6 /* Persistence.swift in Sources */ = {isa = PBXBuildFile; fileRef = 8F5894DF2A04956E000E0BE6 /* Persistence.swift */; };
		8F5894E32A04956E000E0BE6 /* VeggiesBuy.xcdatamodeld in Sources */ = {isa = PBXBuildFile; fileRef = 8F5894E12A04956E000E0BE6 /* VeggiesBuy.xcdatamodeld */; };
		8F5894ED2A04956F000E0BE6 /* VeggiesBuyTests.swift in Sources */ = {isa = PBXBuildFile; fileRef = 8F5894EC2A04956F000E0BE6 /* VeggiesBuyTests.swift */; };
		8F5894F72A04956F000E0BE6 /* VeggiesBuyUITests.swift in Sources */ = {isa = PBXBuildFile; fileRef = 8F5894F62A04956F000E0BE6 /* VeggiesBuyUITests.swift */; };
		8F5894F92A04956F000E0BE6 /* VeggiesBuyUITestsLaunchTests.swift in Sources */ = {isa = PBXBuildFile; fileRef = 8F5894F82A04956F000E0BE6 /* VeggiesBuyUITestsLaunchTests.swift */; };
		8F5895082A04CE8B000E0BE6 /* MapView.swift in Sources */ = {isa = PBXBuildFile; fileRef = 8F5895072A04CE8B000E0BE6 /* MapView.swift */; };
		8F58950A2A04D0D1000E0BE6 /* HomeView.swift in Sources */ = {isa = PBXBuildFile; fileRef = 8F5895092A04D0D1000E0BE6 /* HomeView.swift */; };
		8F58950C2A04D10D000E0BE6 /* UploadView.swift in Sources */ = {isa = PBXBuildFile; fileRef = 8F58950B2A04D10D000E0BE6 /* UploadView.swift */; };
		8F58950E2A04D607000E0BE6 /* ColorThemes.swift in Sources */ = {isa = PBXBuildFile; fileRef = 8F58950D2A04D607000E0BE6 /* ColorThemes.swift */; };
		8F7305922A07393900788F0D /* JSONManager.swift in Sources */ = {isa = PBXBuildFile; fileRef = 8F7305912A07393900788F0D /* JSONManager.swift */; };
		8F7305942A0740B900788F0D /* example.json in Resources */ = {isa = PBXBuildFile; fileRef = 8F7305932A0740B900788F0D /* example.json */; };
		8F7305962A07587F00788F0D /* RewardsView.swift in Sources */ = {isa = PBXBuildFile; fileRef = 8F7305952A07587F00788F0D /* RewardsView.swift */; };
		8FDC48892A0DBEDC00339E81 /* Vegetable.swift in Sources */ = {isa = PBXBuildFile; fileRef = 8FDC48882A0DBEDC00339E81 /* Vegetable.swift */; };
		8FDC488B2A0DBF4B00339E81 /* ModelData.swift in Sources */ = {isa = PBXBuildFile; fileRef = 8FDC488A2A0DBF4B00339E81 /* ModelData.swift */; };
		8FDC488D2A0DC1C800339E81 /* ViewModel.swift in Sources */ = {isa = PBXBuildFile; fileRef = 8FDC488C2A0DC1C800339E81 /* ViewModel.swift */; };
/* End PBXBuildFile section */

/* Begin PBXContainerItemProxy section */
		8F5894E92A04956F000E0BE6 /* PBXContainerItemProxy */ = {
			isa = PBXContainerItemProxy;
			containerPortal = 8F5894CB2A04956D000E0BE6 /* Project object */;
			proxyType = 1;
			remoteGlobalIDString = 8F5894D22A04956D000E0BE6;
			remoteInfo = VeggiesBuy;
		};
		8F5894F32A04956F000E0BE6 /* PBXContainerItemProxy */ = {
			isa = PBXContainerItemProxy;
			containerPortal = 8F5894CB2A04956D000E0BE6 /* Project object */;
			proxyType = 1;
			remoteGlobalIDString = 8F5894D22A04956D000E0BE6;
			remoteInfo = VeggiesBuy;
		};
/* End PBXContainerItemProxy section */

/* Begin PBXFileReference section */
		8F5894D32A04956D000E0BE6 /* VeggiesBuy.app */ = {isa = PBXFileReference; explicitFileType = wrapper.application; includeInIndex = 0; path = VeggiesBuy.app; sourceTree = BUILT_PRODUCTS_DIR; };
		8F5894D62A04956D000E0BE6 /* VeggiesBuyApp.swift */ = {isa = PBXFileReference; lastKnownFileType = sourcecode.swift; path = VeggiesBuyApp.swift; sourceTree = "<group>"; };
		8F5894D82A04956D000E0BE6 /* ContentView.swift */ = {isa = PBXFileReference; lastKnownFileType = sourcecode.swift; path = ContentView.swift; sourceTree = "<group>"; };
		8F5894DA2A04956E000E0BE6 /* Assets.xcassets */ = {isa = PBXFileReference; lastKnownFileType = folder.assetcatalog; path = Assets.xcassets; sourceTree = "<group>"; };
		8F5894DD2A04956E000E0BE6 /* Preview Assets.xcassets */ = {isa = PBXFileReference; lastKnownFileType = folder.assetcatalog; path = "Preview Assets.xcassets"; sourceTree = "<group>"; };
		8F5894DF2A04956E000E0BE6 /* Persistence.swift */ = {isa = PBXFileReference; lastKnownFileType = sourcecode.swift; path = Persistence.swift; sourceTree = "<group>"; };
		8F5894E22A04956E000E0BE6 /* VeggiesBuy.xcdatamodel */ = {isa = PBXFileReference; lastKnownFileType = wrapper.xcdatamodel; path = VeggiesBuy.xcdatamodel; sourceTree = "<group>"; };
		8F5894E82A04956F000E0BE6 /* VeggiesBuyTests.xctest */ = {isa = PBXFileReference; explicitFileType = wrapper.cfbundle; includeInIndex = 0; path = VeggiesBuyTests.xctest; sourceTree = BUILT_PRODUCTS_DIR; };
		8F5894EC2A04956F000E0BE6 /* VeggiesBuyTests.swift */ = {isa = PBXFileReference; lastKnownFileType = sourcecode.swift; path = VeggiesBuyTests.swift; sourceTree = "<group>"; };
		8F5894F22A04956F000E0BE6 /* VeggiesBuyUITests.xctest */ = {isa = PBXFileReference; explicitFileType = wrapper.cfbundle; includeInIndex = 0; path = VeggiesBuyUITests.xctest; sourceTree = BUILT_PRODUCTS_DIR; };
		8F5894F62A04956F000E0BE6 /* VeggiesBuyUITests.swift */ = {isa = PBXFileReference; lastKnownFileType = sourcecode.swift; path = VeggiesBuyUITests.swift; sourceTree = "<group>"; };
		8F5894F82A04956F000E0BE6 /* VeggiesBuyUITestsLaunchTests.swift */ = {isa = PBXFileReference; lastKnownFileType = sourcecode.swift; path = VeggiesBuyUITestsLaunchTests.swift; sourceTree = "<group>"; };
		8F5895072A04CE8B000E0BE6 /* MapView.swift */ = {isa = PBXFileReference; lastKnownFileType = sourcecode.swift; path = MapView.swift; sourceTree = "<group>"; };
		8F5895092A04D0D1000E0BE6 /* HomeView.swift */ = {isa = PBXFileReference; lastKnownFileType = sourcecode.swift; path = HomeView.swift; sourceTree = "<group>"; };
		8F58950B2A04D10D000E0BE6 /* UploadView.swift */ = {isa = PBXFileReference; lastKnownFileType = sourcecode.swift; path = UploadView.swift; sourceTree = "<group>"; };
		8F58950D2A04D607000E0BE6 /* ColorThemes.swift */ = {isa = PBXFileReference; lastKnownFileType = sourcecode.swift; path = ColorThemes.swift; sourceTree = "<group>"; };
		8F7305912A07393900788F0D /* JSONManager.swift */ = {isa = PBXFileReference; lastKnownFileType = sourcecode.swift; path = JSONManager.swift; sourceTree = "<group>"; };
		8F7305932A0740B900788F0D /* example.json */ = {isa = PBXFileReference; fileEncoding = 4; lastKnownFileType = text.json; path = example.json; sourceTree = "<group>"; };
		8F7305952A07587F00788F0D /* RewardsView.swift */ = {isa = PBXFileReference; lastKnownFileType = sourcecode.swift; path = RewardsView.swift; sourceTree = "<group>"; };
		8F9742752A1366CD00CBBCB9 /* Info.plist */ = {isa = PBXFileReference; lastKnownFileType = text.plist; path = Info.plist; sourceTree = "<group>"; };
		8FDC48882A0DBEDC00339E81 /* Vegetable.swift */ = {isa = PBXFileReference; lastKnownFileType = sourcecode.swift; path = Vegetable.swift; sourceTree = "<group>"; };
		8FDC488A2A0DBF4B00339E81 /* ModelData.swift */ = {isa = PBXFileReference; lastKnownFileType = sourcecode.swift; path = ModelData.swift; sourceTree = "<group>"; };
		8FDC488C2A0DC1C800339E81 /* ViewModel.swift */ = {isa = PBXFileReference; lastKnownFileType = sourcecode.swift; path = ViewModel.swift; sourceTree = "<group>"; };
/* End PBXFileReference section */

/* Begin PBXFrameworksBuildPhase section */
		8F5894D02A04956D000E0BE6 /* Frameworks */ = {
			isa = PBXFrameworksBuildPhase;
			buildActionMask = 2147483647;
			files = (
			);
			runOnlyForDeploymentPostprocessing = 0;
		};
		8F5894E52A04956F000E0BE6 /* Frameworks */ = {
			isa = PBXFrameworksBuildPhase;
			buildActionMask = 2147483647;
			files = (
			);
			runOnlyForDeploymentPostprocessing = 0;
		};
		8F5894EF2A04956F000E0BE6 /* Frameworks */ = {
			isa = PBXFrameworksBuildPhase;
			buildActionMask = 2147483647;
			files = (
			);
			runOnlyForDeploymentPostprocessing = 0;
		};
/* End PBXFrameworksBuildPhase section */

/* Begin PBXGroup section */
		8F5894CA2A04956D000E0BE6 = {
			isa = PBXGroup;
			children = (
				8F5894D52A04956D000E0BE6 /* VeggiesBuy */,
				8F5894EB2A04956F000E0BE6 /* VeggiesBuyTests */,
				8F5894F52A04956F000E0BE6 /* VeggiesBuyUITests */,
				8F5894D42A04956D000E0BE6 /* Products */,
			);
			sourceTree = "<group>";
		};
		8F5894D42A04956D000E0BE6 /* Products */ = {
			isa = PBXGroup;
			children = (
				8F5894D32A04956D000E0BE6 /* VeggiesBuy.app */,
				8F5894E82A04956F000E0BE6 /* VeggiesBuyTests.xctest */,
				8F5894F22A04956F000E0BE6 /* VeggiesBuyUITests.xctest */,
			);
			name = Products;
			sourceTree = "<group>";
		};
		8F5894D52A04956D000E0BE6 /* VeggiesBuy */ = {
			isa = PBXGroup;
			children = (
				8F9742752A1366CD00CBBCB9 /* Info.plist */,
				8F5894D62A04956D000E0BE6 /* VeggiesBuyApp.swift */,
				8F5894D82A04956D000E0BE6 /* ContentView.swift */,
				8F58950B2A04D10D000E0BE6 /* UploadView.swift */,
				8F7305952A07587F00788F0D /* RewardsView.swift */,
				8F5895092A04D0D1000E0BE6 /* HomeView.swift */,
				8F5895072A04CE8B000E0BE6 /* MapView.swift */,
				8F58950D2A04D607000E0BE6 /* ColorThemes.swift */,
				8F5894DA2A04956E000E0BE6 /* Assets.xcassets */,
				8F5894DF2A04956E000E0BE6 /* Persistence.swift */,
				8F5894E12A04956E000E0BE6 /* VeggiesBuy.xcdatamodeld */,
				8F5894DC2A04956E000E0BE6 /* Preview Content */,
				8F7305912A07393900788F0D /* JSONManager.swift */,
				8F7305932A0740B900788F0D /* example.json */,
				8FDC48882A0DBEDC00339E81 /* Vegetable.swift */,
				8FDC488A2A0DBF4B00339E81 /* ModelData.swift */,
				8FDC488C2A0DC1C800339E81 /* ViewModel.swift */,
			);
			path = VeggiesBuy;
			sourceTree = "<group>";
		};
		8F5894DC2A04956E000E0BE6 /* Preview Content */ = {
			isa = PBXGroup;
			children = (
				8F5894DD2A04956E000E0BE6 /* Preview Assets.xcassets */,
			);
			path = "Preview Content";
			sourceTree = "<group>";
		};
		8F5894EB2A04956F000E0BE6 /* VeggiesBuyTests */ = {
			isa = PBXGroup;
			children = (
				8F5894EC2A04956F000E0BE6 /* VeggiesBuyTests.swift */,
			);
			path = VeggiesBuyTests;
			sourceTree = "<group>";
		};
		8F5894F52A04956F000E0BE6 /* VeggiesBuyUITests */ = {
			isa = PBXGroup;
			children = (
				8F5894F62A04956F000E0BE6 /* VeggiesBuyUITests.swift */,
				8F5894F82A04956F000E0BE6 /* VeggiesBuyUITestsLaunchTests.swift */,
			);
			path = VeggiesBuyUITests;
			sourceTree = "<group>";
		};
/* End PBXGroup section */

/* Begin PBXNativeTarget section */
		8F5894D22A04956D000E0BE6 /* VeggiesBuy */ = {
			isa = PBXNativeTarget;
			buildConfigurationList = 8F5894FC2A04956F000E0BE6 /* Build configuration list for PBXNativeTarget "VeggiesBuy" */;
			buildPhases = (
				8F5894CF2A04956D000E0BE6 /* Sources */,
				8F5894D02A04956D000E0BE6 /* Frameworks */,
				8F5894D12A04956D000E0BE6 /* Resources */,
			);
			buildRules = (
			);
			dependencies = (
			);
			name = VeggiesBuy;
			productName = VeggiesBuy;
			productReference = 8F5894D32A04956D000E0BE6 /* VeggiesBuy.app */;
			productType = "com.apple.product-type.application";
		};
		8F5894E72A04956F000E0BE6 /* VeggiesBuyTests */ = {
			isa = PBXNativeTarget;
			buildConfigurationList = 8F5894FF2A04956F000E0BE6 /* Build configuration list for PBXNativeTarget "VeggiesBuyTests" */;
			buildPhases = (
				8F5894E42A04956F000E0BE6 /* Sources */,
				8F5894E52A04956F000E0BE6 /* Frameworks */,
				8F5894E62A04956F000E0BE6 /* Resources */,
			);
			buildRules = (
			);
			dependencies = (
				8F5894EA2A04956F000E0BE6 /* PBXTargetDependency */,
			);
			name = VeggiesBuyTests;
			productName = VeggiesBuyTests;
			productReference = 8F5894E82A04956F000E0BE6 /* VeggiesBuyTests.xctest */;
			productType = "com.apple.product-type.bundle.unit-test";
		};
		8F5894F12A04956F000E0BE6 /* VeggiesBuyUITests */ = {
			isa = PBXNativeTarget;
			buildConfigurationList = 8F5895022A04956F000E0BE6 /* Build configuration list for PBXNativeTarget "VeggiesBuyUITests" */;
			buildPhases = (
				8F5894EE2A04956F000E0BE6 /* Sources */,
				8F5894EF2A04956F000E0BE6 /* Frameworks */,
				8F5894F02A04956F000E0BE6 /* Resources */,
			);
			buildRules = (
			);
			dependencies = (
				8F5894F42A04956F000E0BE6 /* PBXTargetDependency */,
			);
			name = VeggiesBuyUITests;
			productName = VeggiesBuyUITests;
			productReference = 8F5894F22A04956F000E0BE6 /* VeggiesBuyUITests.xctest */;
			productType = "com.apple.product-type.bundle.ui-testing";
		};
/* End PBXNativeTarget section */

/* Begin PBXProject section */
		8F5894CB2A04956D000E0BE6 /* Project object */ = {
			isa = PBXProject;
			attributes = {
				BuildIndependentTargetsInParallel = 1;
				LastSwiftUpdateCheck = 1430;
				LastUpgradeCheck = 1430;
				TargetAttributes = {
					8F5894D22A04956D000E0BE6 = {
						CreatedOnToolsVersion = 14.3;
					};
					8F5894E72A04956F000E0BE6 = {
						CreatedOnToolsVersion = 14.3;
						TestTargetID = 8F5894D22A04956D000E0BE6;
					};
					8F5894F12A04956F000E0BE6 = {
						CreatedOnToolsVersion = 14.3;
						TestTargetID = 8F5894D22A04956D000E0BE6;
					};
				};
			};
			buildConfigurationList = 8F5894CE2A04956D000E0BE6 /* Build configuration list for PBXProject "VeggiesBuy" */;
			compatibilityVersion = "Xcode 14.0";
			developmentRegion = en;
			hasScannedForEncodings = 0;
			knownRegions = (
				en,
				Base,
			);
			mainGroup = 8F5894CA2A04956D000E0BE6;
			productRefGroup = 8F5894D42A04956D000E0BE6 /* Products */;
			projectDirPath = "";
			projectRoot = "";
			targets = (
				8F5894D22A04956D000E0BE6 /* VeggiesBuy */,
				8F5894E72A04956F000E0BE6 /* VeggiesBuyTests */,
				8F5894F12A04956F000E0BE6 /* VeggiesBuyUITests */,
			);
		};
/* End PBXProject section */

/* Begin PBXResourcesBuildPhase section */
		8F5894D12A04956D000E0BE6 /* Resources */ = {
			isa = PBXResourcesBuildPhase;
			buildActionMask = 2147483647;
			files = (
				8F5894DE2A04956E000E0BE6 /* Preview Assets.xcassets in Resources */,
				8F5894DB2A04956E000E0BE6 /* Assets.xcassets in Resources */,
				8F7305942A0740B900788F0D /* example.json in Resources */,
			);
			runOnlyForDeploymentPostprocessing = 0;
		};
		8F5894E62A04956F000E0BE6 /* Resources */ = {
			isa = PBXResourcesBuildPhase;
			buildActionMask = 2147483647;
			files = (
			);
			runOnlyForDeploymentPostprocessing = 0;
		};
		8F5894F02A04956F000E0BE6 /* Resources */ = {
			isa = PBXResourcesBuildPhase;
			buildActionMask = 2147483647;
			files = (
			);
			runOnlyForDeploymentPostprocessing = 0;
		};
/* End PBXResourcesBuildPhase section */

/* Begin PBXSourcesBuildPhase section */
		8F5894CF2A04956D000E0BE6 /* Sources */ = {
			isa = PBXSourcesBuildPhase;
			buildActionMask = 2147483647;
			files = (
				8F5894E02A04956E000E0BE6 /* Persistence.swift in Sources */,
				8F58950E2A04D607000E0BE6 /* ColorThemes.swift in Sources */,
				8F5894E32A04956E000E0BE6 /* VeggiesBuy.xcdatamodeld in Sources */,
				8F7305962A07587F00788F0D /* RewardsView.swift in Sources */,
				8FDC48892A0DBEDC00339E81 /* Vegetable.swift in Sources */,
				8FDC488B2A0DBF4B00339E81 /* ModelData.swift in Sources */,
				8FDC488D2A0DC1C800339E81 /* ViewModel.swift in Sources */,
				8F7305922A07393900788F0D /* JSONManager.swift in Sources */,
				8F5895082A04CE8B000E0BE6 /* MapView.swift in Sources */,
				8F58950A2A04D0D1000E0BE6 /* HomeView.swift in Sources */,
				8F58950C2A04D10D000E0BE6 /* UploadView.swift in Sources */,
				8F5894D92A04956D000E0BE6 /* ContentView.swift in Sources */,
				8F5894D72A04956D000E0BE6 /* VeggiesBuyApp.swift in Sources */,
			);
			runOnlyForDeploymentPostprocessing = 0;
		};
		8F5894E42A04956F000E0BE6 /* Sources */ = {
			isa = PBXSourcesBuildPhase;
			buildActionMask = 2147483647;
			files = (
				8F5894ED2A04956F000E0BE6 /* VeggiesBuyTests.swift in Sources */,
			);
			runOnlyForDeploymentPostprocessing = 0;
		};
		8F5894EE2A04956F000E0BE6 /* Sources */ = {
			isa = PBXSourcesBuildPhase;
			buildActionMask = 2147483647;
			files = (
				8F5894F92A04956F000E0BE6 /* VeggiesBuyUITestsLaunchTests.swift in Sources */,
				8F5894F72A04956F000E0BE6 /* VeggiesBuyUITests.swift in Sources */,
			);
			runOnlyForDeploymentPostprocessing = 0;
		};
/* End PBXSourcesBuildPhase section */

/* Begin PBXTargetDependency section */
		8F5894EA2A04956F000E0BE6 /* PBXTargetDependency */ = {
			isa = PBXTargetDependency;
			target = 8F5894D22A04956D000E0BE6 /* VeggiesBuy */;
			targetProxy = 8F5894E92A04956F000E0BE6 /* PBXContainerItemProxy */;
		};
		8F5894F42A04956F000E0BE6 /* PBXTargetDependency */ = {
			isa = PBXTargetDependency;
			target = 8F5894D22A04956D000E0BE6 /* VeggiesBuy */;
			targetProxy = 8F5894F32A04956F000E0BE6 /* PBXContainerItemProxy */;
		};
/* End PBXTargetDependency section */

/* Begin XCBuildConfiguration section */
		8F5894FA2A04956F000E0BE6 /* Debug */ = {
			isa = XCBuildConfiguration;
			buildSettings = {
				ALWAYS_SEARCH_USER_PATHS = NO;
				CLANG_ANALYZER_NONNULL = YES;
				CLANG_ANALYZER_NUMBER_OBJECT_CONVERSION = YES_AGGRESSIVE;
				CLANG_CXX_LANGUAGE_STANDARD = "gnu++20";
				CLANG_ENABLE_MODULES = YES;
				CLANG_ENABLE_OBJC_ARC = YES;
				CLANG_ENABLE_OBJC_WEAK = YES;
				CLANG_WARN_BLOCK_CAPTURE_AUTORELEASING = YES;
				CLANG_WARN_BOOL_CONVERSION = YES;
				CLANG_WARN_COMMA = YES;
				CLANG_WARN_CONSTANT_CONVERSION = YES;
				CLANG_WARN_DEPRECATED_OBJC_IMPLEMENTATIONS = YES;
				CLANG_WARN_DIRECT_OBJC_ISA_USAGE = YES_ERROR;
				CLANG_WARN_DOCUMENTATION_COMMENTS = YES;
				CLANG_WARN_EMPTY_BODY = YES;
				CLANG_WARN_ENUM_CONVERSION = YES;
				CLANG_WARN_INFINITE_RECURSION = YES;
				CLANG_WARN_INT_CONVERSION = YES;
				CLANG_WARN_NON_LITERAL_NULL_CONVERSION = YES;
				CLANG_WARN_OBJC_IMPLICIT_RETAIN_SELF = YES;
				CLANG_WARN_OBJC_LITERAL_CONVERSION = YES;
				CLANG_WARN_OBJC_ROOT_CLASS = YES_ERROR;
				CLANG_WARN_QUOTED_INCLUDE_IN_FRAMEWORK_HEADER = YES;
				CLANG_WARN_RANGE_LOOP_ANALYSIS = YES;
				CLANG_WARN_STRICT_PROTOTYPES = YES;
				CLANG_WARN_SUSPICIOUS_MOVE = YES;
				CLANG_WARN_UNGUARDED_AVAILABILITY = YES_AGGRESSIVE;
				CLANG_WARN_UNREACHABLE_CODE = YES;
				CLANG_WARN__DUPLICATE_METHOD_MATCH = YES;
				COPY_PHASE_STRIP = NO;
				DEBUG_INFORMATION_FORMAT = dwarf;
				ENABLE_STRICT_OBJC_MSGSEND = YES;
				ENABLE_TESTABILITY = YES;
				GCC_C_LANGUAGE_STANDARD = gnu11;
				GCC_DYNAMIC_NO_PIC = NO;
				GCC_NO_COMMON_BLOCKS = YES;
				GCC_OPTIMIZATION_LEVEL = 0;
				GCC_PREPROCESSOR_DEFINITIONS = (
					"DEBUG=1",
					"$(inherited)",
				);
				GCC_WARN_64_TO_32_BIT_CONVERSION = YES;
				GCC_WARN_ABOUT_RETURN_TYPE = YES_ERROR;
				GCC_WARN_UNDECLARED_SELECTOR = YES;
				GCC_WARN_UNINITIALIZED_AUTOS = YES_AGGRESSIVE;
				GCC_WARN_UNUSED_FUNCTION = YES;
				GCC_WARN_UNUSED_VARIABLE = YES;
				IPHONEOS_DEPLOYMENT_TARGET = 16.4;
				MTL_ENABLE_DEBUG_INFO = INCLUDE_SOURCE;
				MTL_FAST_MATH = YES;
				ONLY_ACTIVE_ARCH = YES;
				SDKROOT = iphoneos;
				SWIFT_ACTIVE_COMPILATION_CONDITIONS = DEBUG;
				SWIFT_OPTIMIZATION_LEVEL = "-Onone";
			};
			name = Debug;
		};
		8F5894FB2A04956F000E0BE6 /* Release */ = {
			isa = XCBuildConfiguration;
			buildSettings = {
				ALWAYS_SEARCH_USER_PATHS = NO;
				CLANG_ANALYZER_NONNULL = YES;
				CLANG_ANALYZER_NUMBER_OBJECT_CONVERSION = YES_AGGRESSIVE;
				CLANG_CXX_LANGUAGE_STANDARD = "gnu++20";
				CLANG_ENABLE_MODULES = YES;
				CLANG_ENABLE_OBJC_ARC = YES;
				CLANG_ENABLE_OBJC_WEAK = YES;
				CLANG_WARN_BLOCK_CAPTURE_AUTORELEASING = YES;
				CLANG_WARN_BOOL_CONVERSION = YES;
				CLANG_WARN_COMMA = YES;
				CLANG_WARN_CONSTANT_CONVERSION = YES;
				CLANG_WARN_DEPRECATED_OBJC_IMPLEMENTATIONS = YES;
				CLANG_WARN_DIRECT_OBJC_ISA_USAGE = YES_ERROR;
				CLANG_WARN_DOCUMENTATION_COMMENTS = YES;
				CLANG_WARN_EMPTY_BODY = YES;
				CLANG_WARN_ENUM_CONVERSION = YES;
				CLANG_WARN_INFINITE_RECURSION = YES;
				CLANG_WARN_INT_CONVERSION = YES;
				CLANG_WARN_NON_LITERAL_NULL_CONVERSION = YES;
				CLANG_WARN_OBJC_IMPLICIT_RETAIN_SELF = YES;
				CLANG_WARN_OBJC_LITERAL_CONVERSION = YES;
				CLANG_WARN_OBJC_ROOT_CLASS = YES_ERROR;
				CLANG_WARN_QUOTED_INCLUDE_IN_FRAMEWORK_HEADER = YES;
				CLANG_WARN_RANGE_LOOP_ANALYSIS = YES;
				CLANG_WARN_STRICT_PROTOTYPES = YES;
				CLANG_WARN_SUSPICIOUS_MOVE = YES;
				CLANG_WARN_UNGUARDED_AVAILABILITY = YES_AGGRESSIVE;
				CLANG_WARN_UNREACHABLE_CODE = YES;
				CLANG_WARN__DUPLICATE_METHOD_MATCH = YES;
				COPY_PHASE_STRIP = NO;
				DEBUG_INFORMATION_FORMAT = "dwarf-with-dsym";
				ENABLE_NS_ASSERTIONS = NO;
				ENABLE_STRICT_OBJC_MSGSEND = YES;
				GCC_C_LANGUAGE_STANDARD = gnu11;
				GCC_NO_COMMON_BLOCKS = YES;
				GCC_WARN_64_TO_32_BIT_CONVERSION = YES;
				GCC_WARN_ABOUT_RETURN_TYPE = YES_ERROR;
				GCC_WARN_UNDECLARED_SELECTOR = YES;
				GCC_WARN_UNINITIALIZED_AUTOS = YES_AGGRESSIVE;
				GCC_WARN_UNUSED_FUNCTION = YES;
				GCC_WARN_UNUSED_VARIABLE = YES;
				IPHONEOS_DEPLOYMENT_TARGET = 16.4;
				MTL_ENABLE_DEBUG_INFO = NO;
				MTL_FAST_MATH = YES;
				SDKROOT = iphoneos;
				SWIFT_COMPILATION_MODE = wholemodule;
				SWIFT_OPTIMIZATION_LEVEL = "-O";
				VALIDATE_PRODUCT = YES;
			};
			name = Release;
		};
		8F5894FD2A04956F000E0BE6 /* Debug */ = {
			isa = XCBuildConfiguration;
			buildSettings = {
				ASSETCATALOG_COMPILER_APPICON_NAME = AppIcon;
				ASSETCATALOG_COMPILER_GLOBAL_ACCENT_COLOR_NAME = AccentColor;
				CODE_SIGN_STYLE = Automatic;
				CURRENT_PROJECT_VERSION = 1;
				DEVELOPMENT_ASSET_PATHS = "\"VeggiesBuy/Preview Content\"";
				DEVELOPMENT_TEAM = 2FHR74M99L;
				ENABLE_PREVIEWS = YES;
				GENERATE_INFOPLIST_FILE = YES;
				INFOPLIST_FILE = VeggiesBuy/Info.plist;
				INFOPLIST_KEY_UIApplicationSceneManifest_Generation = YES;
				INFOPLIST_KEY_UIApplicationSupportsIndirectInputEvents = YES;
				INFOPLIST_KEY_UILaunchScreen_Generation = YES;
				INFOPLIST_KEY_UISupportedInterfaceOrientations_iPad = "UIInterfaceOrientationPortrait UIInterfaceOrientationPortraitUpsideDown UIInterfaceOrientationLandscapeLeft UIInterfaceOrientationLandscapeRight";
				INFOPLIST_KEY_UISupportedInterfaceOrientations_iPhone = "UIInterfaceOrientationPortrait UIInterfaceOrientationLandscapeLeft UIInterfaceOrientationLandscapeRight";
				LD_RUNPATH_SEARCH_PATHS = (
					"$(inherited)",
					"@executable_path/Frameworks",
				);
				MARKETING_VERSION = 1.0;
				PRODUCT_BUNDLE_IDENTIFIER = com.csit998.VeggiesBuy;
				PRODUCT_NAME = "$(TARGET_NAME)";
				SWIFT_EMIT_LOC_STRINGS = YES;
				SWIFT_VERSION = 5.0;
				TARGETED_DEVICE_FAMILY = "1,2";
			};
			name = Debug;
		};
		8F5894FE2A04956F000E0BE6 /* Release */ = {
			isa = XCBuildConfiguration;
			buildSettings = {
				ASSETCATALOG_COMPILER_APPICON_NAME = AppIcon;
				ASSETCATALOG_COMPILER_GLOBAL_ACCENT_COLOR_NAME = AccentColor;
				CODE_SIGN_STYLE = Automatic;
				CURRENT_PROJECT_VERSION = 1;
				DEVELOPMENT_ASSET_PATHS = "\"VeggiesBuy/Preview Content\"";
				DEVELOPMENT_TEAM = 2FHR74M99L;
				ENABLE_PREVIEWS = YES;
				GENERATE_INFOPLIST_FILE = YES;
				INFOPLIST_FILE = VeggiesBuy/Info.plist;
				INFOPLIST_KEY_UIApplicationSceneManifest_Generation = YES;
				INFOPLIST_KEY_UIApplicationSupportsIndirectInputEvents = YES;
				INFOPLIST_KEY_UILaunchScreen_Generation = YES;
				INFOPLIST_KEY_UISupportedInterfaceOrientations_iPad = "UIInterfaceOrientationPortrait UIInterfaceOrientationPortraitUpsideDown UIInterfaceOrientationLandscapeLeft UIInterfaceOrientationLandscapeRight";
				INFOPLIST_KEY_UISupportedInterfaceOrientations_iPhone = "UIInterfaceOrientationPortrait UIInterfaceOrientationLandscapeLeft UIInterfaceOrientationLandscapeRight";
				LD_RUNPATH_SEARCH_PATHS = (
					"$(inherited)",
					"@executable_path/Frameworks",
				);
				MARKETING_VERSION = 1.0;
				PRODUCT_BUNDLE_IDENTIFIER = com.csit998.VeggiesBuy;
				PRODUCT_NAME = "$(TARGET_NAME)";
				SWIFT_EMIT_LOC_STRINGS = YES;
				SWIFT_VERSION = 5.0;
				TARGETED_DEVICE_FAMILY = "1,2";
			};
			name = Release;
		};
		8F5895002A04956F000E0BE6 /* Debug */ = {
			isa = XCBuildConfiguration;
			buildSettings = {
				ALWAYS_EMBED_SWIFT_STANDARD_LIBRARIES = YES;
				BUNDLE_LOADER = "$(TEST_HOST)";
				CODE_SIGN_STYLE = Automatic;
				CURRENT_PROJECT_VERSION = 1;
				DEVELOPMENT_TEAM = 2FHR74M99L;
				GENERATE_INFOPLIST_FILE = YES;
				IPHONEOS_DEPLOYMENT_TARGET = 16.4;
				MARKETING_VERSION = 1.0;
				PRODUCT_BUNDLE_IDENTIFIER = com.csit998.VeggiesBuyTests;
				PRODUCT_NAME = "$(TARGET_NAME)";
				SWIFT_EMIT_LOC_STRINGS = NO;
				SWIFT_VERSION = 5.0;
				TARGETED_DEVICE_FAMILY = "1,2";
				TEST_HOST = "$(BUILT_PRODUCTS_DIR)/VeggiesBuy.app/$(BUNDLE_EXECUTABLE_FOLDER_PATH)/VeggiesBuy";
			};
			name = Debug;
		};
		8F5895012A04956F000E0BE6 /* Release */ = {
			isa = XCBuildConfiguration;
			buildSettings = {
				ALWAYS_EMBED_SWIFT_STANDARD_LIBRARIES = YES;
				BUNDLE_LOADER = "$(TEST_HOST)";
				CODE_SIGN_STYLE = Automatic;
				CURRENT_PROJECT_VERSION = 1;
				DEVELOPMENT_TEAM = 2FHR74M99L;
				GENERATE_INFOPLIST_FILE = YES;
				IPHONEOS_DEPLOYMENT_TARGET = 16.4;
				MARKETING_VERSION = 1.0;
				PRODUCT_BUNDLE_IDENTIFIER = com.csit998.VeggiesBuyTests;
				PRODUCT_NAME = "$(TARGET_NAME)";
				SWIFT_EMIT_LOC_STRINGS = NO;
				SWIFT_VERSION = 5.0;
				TARGETED_DEVICE_FAMILY = "1,2";
				TEST_HOST = "$(BUILT_PRODUCTS_DIR)/VeggiesBuy.app/$(BUNDLE_EXECUTABLE_FOLDER_PATH)/VeggiesBuy";
			};
			name = Release;
		};
		8F5895032A04956F000E0BE6 /* Debug */ = {
			isa = XCBuildConfiguration;
			buildSettings = {
				ALWAYS_EMBED_SWIFT_STANDARD_LIBRARIES = YES;
				CODE_SIGN_STYLE = Automatic;
				CURRENT_PROJECT_VERSION = 1;
				DEVELOPMENT_TEAM = 2FHR74M99L;
				GENERATE_INFOPLIST_FILE = YES;
				MARKETING_VERSION = 1.0;
				PRODUCT_BUNDLE_IDENTIFIER = com.csit998.VeggiesBuyUITests;
				PRODUCT_NAME = "$(TARGET_NAME)";
				SWIFT_EMIT_LOC_STRINGS = NO;
				SWIFT_VERSION = 5.0;
				TARGETED_DEVICE_FAMILY = "1,2";
				TEST_TARGET_NAME = VeggiesBuy;
			};
			name = Debug;
		};
		8F5895042A04956F000E0BE6 /* Release */ = {
			isa = XCBuildConfiguration;
			buildSettings = {
				ALWAYS_EMBED_SWIFT_STANDARD_LIBRARIES = YES;
				CODE_SIGN_STYLE = Automatic;
				CURRENT_PROJECT_VERSION = 1;
				DEVELOPMENT_TEAM = 2FHR74M99L;
				GENERATE_INFOPLIST_FILE = YES;
				MARKETING_VERSION = 1.0;
				PRODUCT_BUNDLE_IDENTIFIER = com.csit998.VeggiesBuyUITests;
				PRODUCT_NAME = "$(TARGET_NAME)";
				SWIFT_EMIT_LOC_STRINGS = NO;
				SWIFT_VERSION = 5.0;
				TARGETED_DEVICE_FAMILY = "1,2";
				TEST_TARGET_NAME = VeggiesBuy;
			};
			name = Release;
		};
/* End XCBuildConfiguration section */

/* Begin XCConfigurationList section */
		8F5894CE2A04956D000E0BE6 /* Build configuration list for PBXProject "VeggiesBuy" */ = {
			isa = XCConfigurationList;
			buildConfigurations = (
				8F5894FA2A04956F000E0BE6 /* Debug */,
				8F5894FB2A04956F000E0BE6 /* Release */,
			);
			defaultConfigurationIsVisible = 0;
			defaultConfigurationName = Release;
		};
		8F5894FC2A04956F000E0BE6 /* Build configuration list for PBXNativeTarget "VeggiesBuy" */ = {
			isa = XCConfigurationList;
			buildConfigurations = (
				8F5894FD2A04956F000E0BE6 /* Debug */,
				8F5894FE2A04956F000E0BE6 /* Release */,
			);
			defaultConfigurationIsVisible = 0;
			defaultConfigurationName = Release;
		};
		8F5894FF2A04956F000E0BE6 /* Build configuration list for PBXNativeTarget "VeggiesBuyTests" */ = {
			isa = XCConfigurationList;
			buildConfigurations = (
				8F5895002A04956F000E0BE6 /* Debug */,
				8F5895012A04956F000E0BE6 /* Release */,
			);
			defaultConfigurationIsVisible = 0;
			defaultConfigurationName = Release;
		};
		8F5895022A04956F000E0BE6 /* Build configuration list for PBXNativeTarget "VeggiesBuyUITests" */ = {
			isa = XCConfigurationList;
			buildConfigurations = (
				8F5895032A04956F000E0BE6 /* Debug */,
				8F5895042A04956F000E0BE6 /* Release */,
			);
			defaultConfigurationIsVisible = 0;
			defaultConfigurationName = Release;
		};
/* End XCConfigurationList section */

/* Begin XCVersionGroup section */
		8F5894E12A04956E000E0BE6 /* VeggiesBuy.xcdatamodeld */ = {
			isa = XCVersionGroup;
			children = (
				8F5894E22A04956E000E0BE6 /* VeggiesBuy.xcdatamodel */,
			);
			currentVersion = 8F5894E22A04956E000E0BE6 /* VeggiesBuy.xcdatamodel */;
			path = VeggiesBuy.xcdatamodeld;
			sourceTree = "<group>";
			versionGroupType = wrapper.xcdatamodel;
		};
/* End XCVersionGroup section */
	};
	rootObject = 8F5894CB2A04956D000E0BE6 /* Project object */;
}
